
Microsoft Visual Studio Solution File, Format Version 12.00
# Visual Studio Version 17
VisualStudioVersion = 17.2.32630.192
MinimumVisualStudioVersion = 10.0.40219.1
Project("{FAE04EC0-301F-11D3-BF4B-00C04F79EFBC}") = "hairDresser", "hairDresser\hairDresser.csproj", "{6CFB3D4D-F7A6-48AF-B660-EA61293E5DFC}"
EndProject
Global
	GlobalSection(SolutionConfigurationPlatforms) = preSolution
		Debug|Any CPU = Debug|Any CPU
		Release|Any CPU = Release|Any CPU
	EndGlobalSection
	GlobalSection(ProjectConfigurationPlatforms) = postSolution
		{6CFB3D4D-F7A6-48AF-B660-EA61293E5DFC}.Debug|Any CPU.ActiveCfg = Debug|Any CPU
		{6CFB3D4D-F7A6-48AF-B660-EA61293E5DFC}.Debug|Any CPU.Build.0 = Debug|Any CPU
		{6CFB3D4D-F7A6-48AF-B660-EA61293E5DFC}.Release|Any CPU.ActiveCfg = Release|Any CPU
		{6CFB3D4D-F7A6-48AF-B660-EA61293E5DFC}.Release|Any CPU.Build.0 = Release|Any CPU
	EndGlobalSection
	GlobalSection(SolutionProperties) = preSolution
		HideSolutionNode = FALSE
	EndGlobalSection
	GlobalSection(ExtensibilityGlobals) = postSolution
		SolutionGuid = {DC83327F-CF29-469C-8E72-67FD9550C841}
	EndGlobalSection
EndGlobal
