
Microsoft Visual Studio Solution File, Format Version 12.00
# Visual Studio Version 17
VisualStudioVersion = 17.2.32630.192
MinimumVisualStudioVersion = 10.0.40219.1
Project("{9A19103F-16F7-4668-BE54-9A1E7A4F7556}") = "hairDresser.Domain", "hairDresser.Domain\hairDresser.Domain.csproj", "{CC08CDF8-95A0-4377-9516-80D5B1ADE861}"
EndProject
Project("{9A19103F-16F7-4668-BE54-9A1E7A4F7556}") = "hairDresser.Console", "hairDresser.Console\hairDresser.Console.csproj", "{EBB7365A-3976-4E48-B8FC-25BD5A494BFB}"
EndProject
Global
	GlobalSection(SolutionConfigurationPlatforms) = preSolution
		Debug|Any CPU = Debug|Any CPU
		Release|Any CPU = Release|Any CPU
	EndGlobalSection
	GlobalSection(ProjectConfigurationPlatforms) = postSolution
		{CC08CDF8-95A0-4377-9516-80D5B1ADE861}.Debug|Any CPU.ActiveCfg = Debug|Any CPU
		{CC08CDF8-95A0-4377-9516-80D5B1ADE861}.Debug|Any CPU.Build.0 = Debug|Any CPU
		{CC08CDF8-95A0-4377-9516-80D5B1ADE861}.Release|Any CPU.ActiveCfg = Release|Any CPU
		{CC08CDF8-95A0-4377-9516-80D5B1ADE861}.Release|Any CPU.Build.0 = Release|Any CPU
		{EBB7365A-3976-4E48-B8FC-25BD5A494BFB}.Debug|Any CPU.ActiveCfg = Debug|Any CPU
		{EBB7365A-3976-4E48-B8FC-25BD5A494BFB}.Debug|Any CPU.Build.0 = Debug|Any CPU
		{EBB7365A-3976-4E48-B8FC-25BD5A494BFB}.Release|Any CPU.ActiveCfg = Release|Any CPU
		{EBB7365A-3976-4E48-B8FC-25BD5A494BFB}.Release|Any CPU.Build.0 = Release|Any CPU
	EndGlobalSection
	GlobalSection(SolutionProperties) = preSolution
		HideSolutionNode = FALSE
	EndGlobalSection
	GlobalSection(ExtensibilityGlobals) = postSolution
		SolutionGuid = {DC83327F-CF29-469C-8E72-67FD9550C841}
	EndGlobalSection
EndGlobal
