
Microsoft Visual Studio Solution File, Format Version 12.00
# Visual Studio Version 17
VisualStudioVersion = 17.2.32630.192
MinimumVisualStudioVersion = 10.0.40219.1
Project("{9A19103F-16F7-4668-BE54-9A1E7A4F7556}") = "hairDresser.Domain", "hairDresser.Domain\hairDresser.Domain.csproj", "{CC08CDF8-95A0-4377-9516-80D5B1ADE861}"
EndProject
Project("{9A19103F-16F7-4668-BE54-9A1E7A4F7556}") = "hairDresser.Console", "hairDresser.Console\hairDresser.Console.csproj", "{EBB7365A-3976-4E48-B8FC-25BD5A494BFB}"
EndProject
Project("{9A19103F-16F7-4668-BE54-9A1E7A4F7556}") = "hairDresser.Infrastructure", "hairDresser.Infrastructure\hairDresser.Infrastructure.csproj", "{D18B0960-6E46-4226-B518-AFE47A35E374}"
EndProject
Project("{9A19103F-16F7-4668-BE54-9A1E7A4F7556}") = "hairDresser.Application", "hairDresser.Application\hairDresser.Application.csproj", "{D2921E3B-F00A-44D4-8B3C-EF63C4399E2E}"
EndProject
Project("{9A19103F-16F7-4668-BE54-9A1E7A4F7556}") = "hairDresser.Presentation", "hairDresser.Api\hairDresser.Presentation.csproj", "{957267F9-8BCE-4112-AE34-5224154DCFE2}"
EndProject
Project("{9A19103F-16F7-4668-BE54-9A1E7A4F7556}") = "hairDresser.IntegrationTests", "hairDresser.IntegrationTests\hairDresser.IntegrationTests.csproj", "{79254865-D000-44F2-95C7-26C99341F945}"
EndProject
Project("{9A19103F-16F7-4668-BE54-9A1E7A4F7556}") = "hairDresser.UnitTests", "hairDresser.UnitTests\hairDresser.UnitTests.csproj", "{D9C8B2F9-EECB-45ED-BFB3-9060606D0E89}"
EndProject
Global
	GlobalSection(SolutionConfigurationPlatforms) = preSolution
		Debug|Any CPU = Debug|Any CPU
		Release|Any CPU = Release|Any CPU
	EndGlobalSection
	GlobalSection(ProjectConfigurationPlatforms) = postSolution
		{CC08CDF8-95A0-4377-9516-80D5B1ADE861}.Debug|Any CPU.ActiveCfg = Debug|Any CPU
		{CC08CDF8-95A0-4377-9516-80D5B1ADE861}.Debug|Any CPU.Build.0 = Debug|Any CPU
		{CC08CDF8-95A0-4377-9516-80D5B1ADE861}.Release|Any CPU.ActiveCfg = Release|Any CPU
		{CC08CDF8-95A0-4377-9516-80D5B1ADE861}.Release|Any CPU.Build.0 = Release|Any CPU
		{EBB7365A-3976-4E48-B8FC-25BD5A494BFB}.Debug|Any CPU.ActiveCfg = Debug|Any CPU
		{EBB7365A-3976-4E48-B8FC-25BD5A494BFB}.Debug|Any CPU.Build.0 = Debug|Any CPU
		{EBB7365A-3976-4E48-B8FC-25BD5A494BFB}.Release|Any CPU.ActiveCfg = Release|Any CPU
		{EBB7365A-3976-4E48-B8FC-25BD5A494BFB}.Release|Any CPU.Build.0 = Release|Any CPU
		{D18B0960-6E46-4226-B518-AFE47A35E374}.Debug|Any CPU.ActiveCfg = Debug|Any CPU
		{D18B0960-6E46-4226-B518-AFE47A35E374}.Debug|Any CPU.Build.0 = Debug|Any CPU
		{D18B0960-6E46-4226-B518-AFE47A35E374}.Release|Any CPU.ActiveCfg = Release|Any CPU
		{D18B0960-6E46-4226-B518-AFE47A35E374}.Release|Any CPU.Build.0 = Release|Any CPU
		{D2921E3B-F00A-44D4-8B3C-EF63C4399E2E}.Debug|Any CPU.ActiveCfg = Debug|Any CPU
		{D2921E3B-F00A-44D4-8B3C-EF63C4399E2E}.Debug|Any CPU.Build.0 = Debug|Any CPU
		{D2921E3B-F00A-44D4-8B3C-EF63C4399E2E}.Release|Any CPU.ActiveCfg = Release|Any CPU
		{D2921E3B-F00A-44D4-8B3C-EF63C4399E2E}.Release|Any CPU.Build.0 = Release|Any CPU
		{957267F9-8BCE-4112-AE34-5224154DCFE2}.Debug|Any CPU.ActiveCfg = Debug|Any CPU
		{957267F9-8BCE-4112-AE34-5224154DCFE2}.Debug|Any CPU.Build.0 = Debug|Any CPU
		{957267F9-8BCE-4112-AE34-5224154DCFE2}.Release|Any CPU.ActiveCfg = Release|Any CPU
		{957267F9-8BCE-4112-AE34-5224154DCFE2}.Release|Any CPU.Build.0 = Release|Any CPU
		{79254865-D000-44F2-95C7-26C99341F945}.Debug|Any CPU.ActiveCfg = Debug|Any CPU
		{79254865-D000-44F2-95C7-26C99341F945}.Debug|Any CPU.Build.0 = Debug|Any CPU
		{79254865-D000-44F2-95C7-26C99341F945}.Release|Any CPU.ActiveCfg = Release|Any CPU
		{79254865-D000-44F2-95C7-26C99341F945}.Release|Any CPU.Build.0 = Release|Any CPU
		{D9C8B2F9-EECB-45ED-BFB3-9060606D0E89}.Debug|Any CPU.ActiveCfg = Debug|Any CPU
		{D9C8B2F9-EECB-45ED-BFB3-9060606D0E89}.Debug|Any CPU.Build.0 = Debug|Any CPU
		{D9C8B2F9-EECB-45ED-BFB3-9060606D0E89}.Release|Any CPU.ActiveCfg = Release|Any CPU
		{D9C8B2F9-EECB-45ED-BFB3-9060606D0E89}.Release|Any CPU.Build.0 = Release|Any CPU
	EndGlobalSection
	GlobalSection(SolutionProperties) = preSolution
		HideSolutionNode = FALSE
	EndGlobalSection
	GlobalSection(ExtensibilityGlobals) = postSolution
		SolutionGuid = {DC83327F-CF29-469C-8E72-67FD9550C841}
	EndGlobalSection
EndGlobal
